
Microsoft Visual Studio Solution File, Format Version 12.00
# Visual Studio Version 17
VisualStudioVersion = 17.5.33502.453
MinimumVisualStudioVersion = 10.0.40219.1
Project("{FAE04EC0-301F-11D3-BF4B-00C04F79EFBC}") = "AStarFormApp", "AStarFormApp\AStarFormApp.csproj", "{C3FABA30-7E81-4E05-8AC7-46BE735E8A7E}"
EndProject
Global
	GlobalSection(SolutionConfigurationPlatforms) = preSolution
		Debug|Any CPU = Debug|Any CPU
		Release|Any CPU = Release|Any CPU
	EndGlobalSection
	GlobalSection(ProjectConfigurationPlatforms) = postSolution
		{C3FABA30-7E81-4E05-8AC7-46BE735E8A7E}.Debug|Any CPU.ActiveCfg = Debug|Any CPU
		{C3FABA30-7E81-4E05-8AC7-46BE735E8A7E}.Debug|Any CPU.Build.0 = Debug|Any CPU
		{C3FABA30-7E81-4E05-8AC7-46BE735E8A7E}.Release|Any CPU.ActiveCfg = Release|Any CPU
		{C3FABA30-7E81-4E05-8AC7-46BE735E8A7E}.Release|Any CPU.Build.0 = Release|Any CPU
	EndGlobalSection
	GlobalSection(SolutionProperties) = preSolution
		HideSolutionNode = FALSE
	EndGlobalSection
	GlobalSection(ExtensibilityGlobals) = postSolution
		SolutionGuid = {368DC977-C997-408D-80E9-FE93E1174F36}
	EndGlobalSection
EndGlobal
